PODS:
  - pop (1.0.12)
  - WZAnimation (0.1.2):
    - pop (~> 1.0.12)

DEPENDENCIES:
  - WZAnimation (from `../`)

SPEC REPOS:
  trunk:
    - pop

EXTERNAL SOURCES:
  WZAnimation:
    :path: "../"

SPEC CHECKSUMS:
  pop: d582054913807fd11fd50bfe6a539d91c7e1a55a
  WZAnimation: 4dbc98279aa05b729b2e6b421a77edca299624e3

PODFILE CHECKSUM: 9fa67ae60f955ad72cdd07dab4d7c06560e1ae7e

COCOAPODS: 1.14.3
