PODS:
  - pop (1.0.12)
  - WZAnimation (1.0.0):
    - pop (~> 1.0.12)
    - WZNamespaceWrappable (>= 2.1.3)
  - WZNamespaceWrappable (2.1.3)

DEPENDENCIES:
  - WZAnimation (from `../`)

SPEC REPOS:
  trunk:
    - pop
    - WZNamespaceWrappable

EXTERNAL SOURCES:
  WZAnimation:
    :path: "../"

SPEC CHECKSUMS:
  pop: d582054913807fd11fd50bfe6a539d91c7e1a55a
  WZAnimation: f70fcf43a90c9e712ec6659fcc1e62a883d3ffb8
  WZNamespaceWrappable: 73359e8ff0882ef5ee9724d067b7c9790c00f999

PODFILE CHECKSUM: 9fa67ae60f955ad72cdd07dab4d7c06560e1ae7e

COCOAPODS: 1.14.3
